
Microsoft Visual Studio Solution File, Format Version 12.00
# Visual Studio 15
VisualStudioVersion = 15.0.28307.106
MinimumVisualStudioVersion = 10.0.40219.1
Project("{FAE04EC0-301F-11D3-BF4B-00C04F79EFBC}") = "inventorysystem", "inventorysystem\inventorysystem.csproj", "{C69FB054-320A-4D80-846F-72DA0F7576C0}"
EndProject
Global
	GlobalSection(SolutionConfigurationPlatforms) = preSolution
		Debug|Any CPU = Debug|Any CPU
		Release|Any CPU = Release|Any CPU
	EndGlobalSection
	GlobalSection(ProjectConfigurationPlatforms) = postSolution
		{C69FB054-320A-4D80-846F-72DA0F7576C0}.Debug|Any CPU.ActiveCfg = Debug|Any CPU
		{C69FB054-320A-4D80-846F-72DA0F7576C0}.Debug|Any CPU.Build.0 = Debug|Any CPU
		{C69FB054-320A-4D80-846F-72DA0F7576C0}.Release|Any CPU.ActiveCfg = Release|Any CPU
		{C69FB054-320A-4D80-846F-72DA0F7576C0}.Release|Any CPU.Build.0 = Release|Any CPU
	EndGlobalSection
	GlobalSection(SolutionProperties) = preSolution
		HideSolutionNode = FALSE
	EndGlobalSection
	GlobalSection(ExtensibilityGlobals) = postSolution
		SolutionGuid = {4FB19BC7-3729-40E9-93D8-13DF208597B7}
	EndGlobalSection
EndGlobal
